
Microsoft Visual Studio Solution File, Format Version 12.00
# Visual Studio Version 16
VisualStudioVersion = 16.0.34031.81
MinimumVisualStudioVersion = 10.0.40219.1
Project("{FAE04EC0-301F-11D3-BF4B-00C04F79EFBC}") = "PhamThanhDat_02_2321160073", "PhamThanhDat_02_2321160073\PhamThanhDat_02_2321160073.csproj", "{F286D12E-D8D1-4543-9FF3-DFBB18A076FF}"
EndProject
Global
	GlobalSection(SolutionConfigurationPlatforms) = preSolution
		Debug|Any CPU = Debug|Any CPU
		Release|Any CPU = Release|Any CPU
	EndGlobalSection
	GlobalSection(ProjectConfigurationPlatforms) = postSolution
		{F286D12E-D8D1-4543-9FF3-DFBB18A076FF}.Debug|Any CPU.ActiveCfg = Debug|Any CPU
		{F286D12E-D8D1-4543-9FF3-DFBB18A076FF}.Debug|Any CPU.Build.0 = Debug|Any CPU
		{F286D12E-D8D1-4543-9FF3-DFBB18A076FF}.Release|Any CPU.ActiveCfg = Release|Any CPU
		{F286D12E-D8D1-4543-9FF3-DFBB18A076FF}.Release|Any CPU.Build.0 = Release|Any CPU
	EndGlobalSection
	GlobalSection(SolutionProperties) = preSolution
		HideSolutionNode = FALSE
	EndGlobalSection
	GlobalSection(ExtensibilityGlobals) = postSolution
		SolutionGuid = {60F9E749-558B-47FB-9EF7-A1064987DC17}
	EndGlobalSection
EndGlobal
